
Microsoft Visual Studio Solution File, Format Version 12.00
# Visual Studio 15
VisualStudioVersion = 15.0.28010.2036
MinimumVisualStudioVersion = 10.0.40219.1
Project("{FAE04EC0-301F-11D3-BF4B-00C04F79EFBC}") = "RouletteGame", "RouletteGame\RouletteGame.csproj", "{ABF463B8-05F9-4DB7-977C-33C2F02EA683}"
EndProject
Global
	GlobalSection(SolutionConfigurationPlatforms) = preSolution
		Debug|Any CPU = Debug|Any CPU
		Release|Any CPU = Release|Any CPU
	EndGlobalSection
	GlobalSection(ProjectConfigurationPlatforms) = postSolution
		{ABF463B8-05F9-4DB7-977C-33C2F02EA683}.Debug|Any CPU.ActiveCfg = Debug|Any CPU
		{ABF463B8-05F9-4DB7-977C-33C2F02EA683}.Debug|Any CPU.Build.0 = Debug|Any CPU
		{ABF463B8-05F9-4DB7-977C-33C2F02EA683}.Release|Any CPU.ActiveCfg = Release|Any CPU
		{ABF463B8-05F9-4DB7-977C-33C2F02EA683}.Release|Any CPU.Build.0 = Release|Any CPU
	EndGlobalSection
	GlobalSection(SolutionProperties) = preSolution
		HideSolutionNode = FALSE
	EndGlobalSection
	GlobalSection(ExtensibilityGlobals) = postSolution
		SolutionGuid = {F00B8F21-B7A6-41BA-A154-B33C6561ED12}
	EndGlobalSection
EndGlobal
